github.com/gorilla/context v1.1.1/go.mod h1:kBGZzfjB9CEq2AlWe17Uuf7NDRt0dE0s8S51q0aT7Yg=
github.com/gorilla/mux v1.6.2/go.mod h1:1lud6UwP+6orDFRuTfBEV8e9/aOM/c4fVVCaMa2zaAs=
github.com/sausheong/hs1xxplug v0.0.0-20160819120041-e1d9b9aac42a h1:wRxeWVH3mbgPLJhan6o/+pEUbNsm04ZIlNr5v3WZwGU=
github.com/sausheong/hs1xxplug v0.0.0-20160819120041-e1d9b9aac42a/go.mod h1:DxTE+skBdNtWGjGiRsOupJSvl4cZ8Wmv6ed+GN6U8go=
gopkg.in/check.v1 v0.0.0-20161208181325-20d25e280405/go.mod h1:Co6ibVJAznAaIkqp8huTwlJQCZ016jof/cbN4VW5Yz0=
gopkg.in/yaml.v2 v2.2.2/go.mod h1:hI93XBmqTisBFMUTm0b8Fm+jr3Dg1NNxqwp+5A1VGuI=
